
Microsoft Visual Studio Solution File, Format Version 12.00
# Visual Studio Version 17
VisualStudioVersion = 17.10.35027.167
MinimumVisualStudioVersion = 10.0.40219.1
Project("{FAE04EC0-301F-11D3-BF4B-00C04F79EFBC}") = "WinFormsApp1", "WinFormsApp1.csproj", "{8023BC85-A139-425A-9DFF-82D0CA385490}"
EndProject
Global
	GlobalSection(SolutionConfigurationPlatforms) = preSolution
		Debug|Any CPU = Debug|Any CPU
		Release|Any CPU = Release|Any CPU
	EndGlobalSection
	GlobalSection(ProjectConfigurationPlatforms) = postSolution
		{8023BC85-A139-425A-9DFF-82D0CA385490}.Debug|Any CPU.ActiveCfg = Debug|Any CPU
		{8023BC85-A139-425A-9DFF-82D0CA385490}.Debug|Any CPU.Build.0 = Debug|Any CPU
		{8023BC85-A139-425A-9DFF-82D0CA385490}.Release|Any CPU.ActiveCfg = Release|Any CPU
		{8023BC85-A139-425A-9DFF-82D0CA385490}.Release|Any CPU.Build.0 = Release|Any CPU
	EndGlobalSection
	GlobalSection(SolutionProperties) = preSolution
		HideSolutionNode = FALSE
	EndGlobalSection
	GlobalSection(ExtensibilityGlobals) = postSolution
		SolutionGuid = {E760730E-2D95-4903-8799-ACE9FB37083B}
	EndGlobalSection
EndGlobal
